
Microsoft Visual Studio Solution File, Format Version 12.00
# Visual Studio 15
Project("{FAE04EC0-301F-11D3-BF4B-00C04F79EFBC}") = "UnityEngine.TestRunner", "UnityEngine.TestRunner.csproj", "{67ED5AC1-8E47-2304-E304-E20796DAC9CA}"
EndProject
Project("{FAE04EC0-301F-11D3-BF4B-00C04F79EFBC}") = "Unity.Mathematics", "Unity.Mathematics.csproj", "{9E702672-4115-DD4D-4C8C-FC85E02CC30D}"
EndProject
Project("{FAE04EC0-301F-11D3-BF4B-00C04F79EFBC}") = "Unity.2D.Animation.Triangle.Runtime", "Unity.2D.Animation.Triangle.Runtime.csproj", "{2DF99F9C-37B5-4087-4BB8-69E5800E6172}"
EndProject
Project("{FAE04EC0-301F-11D3-BF4B-00C04F79EFBC}") = "Unity.Timeline", "Unity.Timeline.csproj", "{A1F40CA7-1DFA-51BD-3724-F92949A51FD2}"
EndProject
Project("{FAE04EC0-301F-11D3-BF4B-00C04F79EFBC}") = "UnityEngine.UI", "UnityEngine.UI.csproj", "{761D6FF0-9A40-3C00-F91C-D13F6C592E2D}"
EndProject
Project("{FAE04EC0-301F-11D3-BF4B-00C04F79EFBC}") = "Unity.TextMeshPro", "Unity.TextMeshPro.csproj", "{52AC6F20-CA94-16CB-6DBA-046BAB1E8654}"
EndProject
Project("{FAE04EC0-301F-11D3-BF4B-00C04F79EFBC}") = "Unity.2D.Animation.Runtime", "Unity.2D.Animation.Runtime.csproj", "{32E37DEE-7EE3-1233-DF77-503915FDAF43}"
EndProject
Project("{FAE04EC0-301F-11D3-BF4B-00C04F79EFBC}") = "Unity.2D.IK.Runtime", "Unity.2D.IK.Runtime.csproj", "{4BE474D9-88C0-7911-9EE6-D2D42DC1505E}"
EndProject
Project("{FAE04EC0-301F-11D3-BF4B-00C04F79EFBC}") = "Unity.2D.SpriteShape.Runtime", "Unity.2D.SpriteShape.Runtime.csproj", "{773875E6-8118-B8F7-1152-5B16A12176A2}"
EndProject
Project("{FAE04EC0-301F-11D3-BF4B-00C04F79EFBC}") = "Unity.2D.PixelPerfect", "Unity.2D.PixelPerfect.csproj", "{72757065-F934-0BFB-A32D-0F6F2FC9CE79}"
EndProject
Project("{FAE04EC0-301F-11D3-BF4B-00C04F79EFBC}") = "Unity.2D.Common.Runtime", "Unity.2D.Common.Runtime.csproj", "{22929A36-5F09-9ED0-FD69-28A999E676DB}"
EndProject
Project("{FAE04EC0-301F-11D3-BF4B-00C04F79EFBC}") = "Unity.InternalAPIEngineBridge.001", "Unity.InternalAPIEngineBridge.001.csproj", "{C3E55413-DF7F-ABF6-3889-C9D1DC90F97A}"
EndProject
Project("{FAE04EC0-301F-11D3-BF4B-00C04F79EFBC}") = "Assembly-CSharp", "Assembly-CSharp.csproj", "{24D41106-6DB3-749C-E17C-293D243D9F5D}"
EndProject
Project("{FAE04EC0-301F-11D3-BF4B-00C04F79EFBC}") = "UnityEditor.TestRunner", "UnityEditor.TestRunner.csproj", "{A29B4C3E-7A6E-87E2-96B0-9C4E0A30E223}"
EndProject
Project("{FAE04EC0-301F-11D3-BF4B-00C04F79EFBC}") = "UnityEditor.UI", "UnityEditor.UI.csproj", "{CC1B14B1-54BF-57FC-2A3D-A0B82801C642}"
EndProject
Project("{FAE04EC0-301F-11D3-BF4B-00C04F79EFBC}") = "Unity.Timeline.Editor", "Unity.Timeline.Editor.csproj", "{3BC6FCDA-9726-7289-1E3C-59CB0BB8D338}"
EndProject
Project("{FAE04EC0-301F-11D3-BF4B-00C04F79EFBC}") = "Unity.VisualStudio.Editor", "Unity.VisualStudio.Editor.csproj", "{E4EF1FF0-F6CC-A36B-0DD8-079810C42A82}"
EndProject
Project("{FAE04EC0-301F-11D3-BF4B-00C04F79EFBC}") = "Unity.2D.Psdimporter.Editor", "Unity.2D.Psdimporter.Editor.csproj", "{E12EDFBB-EE5B-02F9-D6E8-CE9154C77CE2}"
EndProject
Project("{FAE04EC0-301F-11D3-BF4B-00C04F79EFBC}") = "Unity.2D.Animation.Editor", "Unity.2D.Animation.Editor.csproj", "{96764A72-0CAC-C4A6-E212-651E72CBFB17}"
EndProject
Project("{FAE04EC0-301F-11D3-BF4B-00C04F79EFBC}") = "Unity.TextMeshPro.Editor", "Unity.TextMeshPro.Editor.csproj", "{C2B246AE-F474-F611-8AB9-9DC01FF87AE3}"
EndProject
Project("{FAE04EC0-301F-11D3-BF4B-00C04F79EFBC}") = "Unity.2D.SpriteShape.Editor", "Unity.2D.SpriteShape.Editor.csproj", "{E8FA220E-139B-1C9A-4904-63BDA90BB5D6}"
EndProject
Project("{FAE04EC0-301F-11D3-BF4B-00C04F79EFBC}") = "Unity.CollabProxy.Editor", "Unity.CollabProxy.Editor.csproj", "{6D051312-1A32-3915-82C7-6EE433BBDD73}"
EndProject
Project("{FAE04EC0-301F-11D3-BF4B-00C04F79EFBC}") = "PsdPlugin", "PsdPlugin.csproj", "{71F3CD92-1D4E-5969-A598-638B4E7CE7BD}"
EndProject
Project("{FAE04EC0-301F-11D3-BF4B-00C04F79EFBC}") = "Unity.2D.Path.Editor", "Unity.2D.Path.Editor.csproj", "{8E1A8ECD-9FC2-8459-0F54-3E28FAB80BD9}"
EndProject
Project("{FAE04EC0-301F-11D3-BF4B-00C04F79EFBC}") = "Unity.Rider.Editor", "Unity.Rider.Editor.csproj", "{2294E922-F30C-E37A-1FAA-02B8DA0F9A40}"
EndProject
Project("{FAE04EC0-301F-11D3-BF4B-00C04F79EFBC}") = "Unity.2D.IK.Editor", "Unity.2D.IK.Editor.csproj", "{024F6EEF-704D-0205-3B47-E4FBBB240903}"
EndProject
Project("{FAE04EC0-301F-11D3-BF4B-00C04F79EFBC}") = "Unity.2D.Sprite.Editor", "Unity.2D.Sprite.Editor.csproj", "{C59A49B3-792E-9FEC-2214-ABE08AB1593F}"
EndProject
Project("{FAE04EC0-301F-11D3-BF4B-00C04F79EFBC}") = "Unity.2D.Tilemap.Editor", "Unity.2D.Tilemap.Editor.csproj", "{C57C00DE-36F1-6F5D-9F6E-E9C2014781E7}"
EndProject
Project("{FAE04EC0-301F-11D3-BF4B-00C04F79EFBC}") = "Unity.2D.PixelPerfect.Editor", "Unity.2D.PixelPerfect.Editor.csproj", "{8BBFC539-E6C8-2200-A227-7213D9E33B01}"
EndProject
Project("{FAE04EC0-301F-11D3-BF4B-00C04F79EFBC}") = "Unity.VSCode.Editor", "Unity.VSCode.Editor.csproj", "{44FAB76B-9AB2-8078-F67F-9CFA055F9669}"
EndProject
Project("{FAE04EC0-301F-11D3-BF4B-00C04F79EFBC}") = "Unity.2D.Common.Editor", "Unity.2D.Common.Editor.csproj", "{FBB6FC4E-F699-22AF-7D8F-DC8ADD4B6CBB}"
EndProject
Project("{FAE04EC0-301F-11D3-BF4B-00C04F79EFBC}") = "Unity.Mathematics.Editor", "Unity.Mathematics.Editor.csproj", "{49E6530C-A802-BBA6-8496-2931AE3C6DA8}"
EndProject
Project("{FAE04EC0-301F-11D3-BF4B-00C04F79EFBC}") = "Unity.InternalAPIEditorBridge.001", "Unity.InternalAPIEditorBridge.001.csproj", "{664AA3C3-C52B-F967-61E3-A8E45E59A917}"
EndProject
Project("{FAE04EC0-301F-11D3-BF4B-00C04F79EFBC}") = "UnityEngine.TestRunner", "UnityEngine.TestRunner.Player.csproj", "{D5F0616C-1DF5-9C93-BEA5-8F656B1AAC4D}"
EndProject
Project("{FAE04EC0-301F-11D3-BF4B-00C04F79EFBC}") = "Unity.Mathematics", "Unity.Mathematics.Player.csproj", "{C7325FA9-96AB-5FA5-8BBF-E751635F0E29}"
EndProject
Project("{FAE04EC0-301F-11D3-BF4B-00C04F79EFBC}") = "Unity.2D.Animation.Triangle.Runtime", "Unity.2D.Animation.Triangle.Runtime.Player.csproj", "{3AB718A9-46E8-114B-6F58-9335A972A3C0}"
EndProject
Project("{FAE04EC0-301F-11D3-BF4B-00C04F79EFBC}") = "Unity.Timeline", "Unity.Timeline.Player.csproj", "{74BF2077-1339-6E41-9BED-24FCE3CA3143}"
EndProject
Project("{FAE04EC0-301F-11D3-BF4B-00C04F79EFBC}") = "UnityEngine.UI", "UnityEngine.UI.Player.csproj", "{0C1C65DF-98CC-409C-E541-2F8506AF5632}"
EndProject
Project("{FAE04EC0-301F-11D3-BF4B-00C04F79EFBC}") = "Unity.TextMeshPro", "Unity.TextMeshPro.Player.csproj", "{EDA0F973-03DB-0BEC-5C07-0D98E3349ED3}"
EndProject
Project("{FAE04EC0-301F-11D3-BF4B-00C04F79EFBC}") = "Unity.2D.Animation.Runtime", "Unity.2D.Animation.Runtime.Player.csproj", "{BE469204-7647-C568-EFF8-2421C453976A}"
EndProject
Project("{FAE04EC0-301F-11D3-BF4B-00C04F79EFBC}") = "Unity.2D.IK.Runtime", "Unity.2D.IK.Runtime.Player.csproj", "{EAF940D8-4960-A84E-3058-FC9183155324}"
EndProject
Project("{FAE04EC0-301F-11D3-BF4B-00C04F79EFBC}") = "Unity.2D.SpriteShape.Runtime", "Unity.2D.SpriteShape.Runtime.Player.csproj", "{DBB9CA25-E3E0-A18F-5779-9C0948CBFB57}"
EndProject
Project("{FAE04EC0-301F-11D3-BF4B-00C04F79EFBC}") = "Unity.2D.PixelPerfect", "Unity.2D.PixelPerfect.Player.csproj", "{1236E683-C064-757E-D188-0001C24A4718}"
EndProject
Project("{FAE04EC0-301F-11D3-BF4B-00C04F79EFBC}") = "Unity.2D.Common.Runtime", "Unity.2D.Common.Runtime.Player.csproj", "{D01F39F6-0AE5-2EF4-4ED6-8D600C160E48}"
EndProject
Project("{FAE04EC0-301F-11D3-BF4B-00C04F79EFBC}") = "Unity.InternalAPIEngineBridge.001", "Unity.InternalAPIEngineBridge.001.Player.csproj", "{B8BE9E29-B902-9C6D-A209-671DAD963418}"
EndProject
Project("{FAE04EC0-301F-11D3-BF4B-00C04F79EFBC}") = "Assembly-CSharp", "Assembly-CSharp.Player.csproj", "{7875AB3F-279A-E9B5-02FE-564DA47C9C63}"
EndProject
Global
	GlobalSection(SolutionConfigurationPlatforms) = preSolution
		Debug|Any CPU = Debug|Any CPU
		Release|Any CPU = Release|Any CPU
	EndGlobalSection
	GlobalSection(ProjectConfigurationPlatforms) = postSolution
		{67ED5AC1-8E47-2304-E304-E20796DAC9CA}.Debug|Any CPU.ActiveCfg = Debug|Any CPU
		{67ED5AC1-8E47-2304-E304-E20796DAC9CA}.Debug|Any CPU.Build.0 = Debug|Any CPU
		{67ED5AC1-8E47-2304-E304-E20796DAC9CA}.Release|Any CPU.ActiveCfg = Release|Any CPU
		{67ED5AC1-8E47-2304-E304-E20796DAC9CA}.Release|Any CPU.Build.0 = Release|Any CPU
		{9E702672-4115-DD4D-4C8C-FC85E02CC30D}.Debug|Any CPU.ActiveCfg = Debug|Any CPU
		{9E702672-4115-DD4D-4C8C-FC85E02CC30D}.Debug|Any CPU.Build.0 = Debug|Any CPU
		{9E702672-4115-DD4D-4C8C-FC85E02CC30D}.Release|Any CPU.ActiveCfg = Release|Any CPU
		{9E702672-4115-DD4D-4C8C-FC85E02CC30D}.Release|Any CPU.Build.0 = Release|Any CPU
		{2DF99F9C-37B5-4087-4BB8-69E5800E6172}.Debug|Any CPU.ActiveCfg = Debug|Any CPU
		{2DF99F9C-37B5-4087-4BB8-69E5800E6172}.Debug|Any CPU.Build.0 = Debug|Any CPU
		{2DF99F9C-37B5-4087-4BB8-69E5800E6172}.Release|Any CPU.ActiveCfg = Release|Any CPU
		{2DF99F9C-37B5-4087-4BB8-69E5800E6172}.Release|Any CPU.Build.0 = Release|Any CPU
		{A1F40CA7-1DFA-51BD-3724-F92949A51FD2}.Debug|Any CPU.ActiveCfg = Debug|Any CPU
		{A1F40CA7-1DFA-51BD-3724-F92949A51FD2}.Debug|Any CPU.Build.0 = Debug|Any CPU
		{A1F40CA7-1DFA-51BD-3724-F92949A51FD2}.Release|Any CPU.ActiveCfg = Release|Any CPU
		{A1F40CA7-1DFA-51BD-3724-F92949A51FD2}.Release|Any CPU.Build.0 = Release|Any CPU
		{761D6FF0-9A40-3C00-F91C-D13F6C592E2D}.Debug|Any CPU.ActiveCfg = Debug|Any CPU
		{761D6FF0-9A40-3C00-F91C-D13F6C592E2D}.Debug|Any CPU.Build.0 = Debug|Any CPU
		{761D6FF0-9A40-3C00-F91C-D13F6C592E2D}.Release|Any CPU.ActiveCfg = Release|Any CPU
		{761D6FF0-9A40-3C00-F91C-D13F6C592E2D}.Release|Any CPU.Build.0 = Release|Any CPU
		{52AC6F20-CA94-16CB-6DBA-046BAB1E8654}.Debug|Any CPU.ActiveCfg = Debug|Any CPU
		{52AC6F20-CA94-16CB-6DBA-046BAB1E8654}.Debug|Any CPU.Build.0 = Debug|Any CPU
		{52AC6F20-CA94-16CB-6DBA-046BAB1E8654}.Release|Any CPU.ActiveCfg = Release|Any CPU
		{52AC6F20-CA94-16CB-6DBA-046BAB1E8654}.Release|Any CPU.Build.0 = Release|Any CPU
		{32E37DEE-7EE3-1233-DF77-503915FDAF43}.Debug|Any CPU.ActiveCfg = Debug|Any CPU
		{32E37DEE-7EE3-1233-DF77-503915FDAF43}.Debug|Any CPU.Build.0 = Debug|Any CPU
		{32E37DEE-7EE3-1233-DF77-503915FDAF43}.Release|Any CPU.ActiveCfg = Release|Any CPU
		{32E37DEE-7EE3-1233-DF77-503915FDAF43}.Release|Any CPU.Build.0 = Release|Any CPU
		{4BE474D9-88C0-7911-9EE6-D2D42DC1505E}.Debug|Any CPU.ActiveCfg = Debug|Any CPU
		{4BE474D9-88C0-7911-9EE6-D2D42DC1505E}.Debug|Any CPU.Build.0 = Debug|Any CPU
		{4BE474D9-88C0-7911-9EE6-D2D42DC1505E}.Release|Any CPU.ActiveCfg = Release|Any CPU
		{4BE474D9-88C0-7911-9EE6-D2D42DC1505E}.Release|Any CPU.Build.0 = Release|Any CPU
		{773875E6-8118-B8F7-1152-5B16A12176A2}.Debug|Any CPU.ActiveCfg = Debug|Any CPU
		{773875E6-8118-B8F7-1152-5B16A12176A2}.Debug|Any CPU.Build.0 = Debug|Any CPU
		{773875E6-8118-B8F7-1152-5B16A12176A2}.Release|Any CPU.ActiveCfg = Release|Any CPU
		{773875E6-8118-B8F7-1152-5B16A12176A2}.Release|Any CPU.Build.0 = Release|Any CPU
		{72757065-F934-0BFB-A32D-0F6F2FC9CE79}.Debug|Any CPU.ActiveCfg = Debug|Any CPU
		{72757065-F934-0BFB-A32D-0F6F2FC9CE79}.Debug|Any CPU.Build.0 = Debug|Any CPU
		{72757065-F934-0BFB-A32D-0F6F2FC9CE79}.Release|Any CPU.ActiveCfg = Release|Any CPU
		{72757065-F934-0BFB-A32D-0F6F2FC9CE79}.Release|Any CPU.Build.0 = Release|Any CPU
		{22929A36-5F09-9ED0-FD69-28A999E676DB}.Debug|Any CPU.ActiveCfg = Debug|Any CPU
		{22929A36-5F09-9ED0-FD69-28A999E676DB}.Debug|Any CPU.Build.0 = Debug|Any CPU
		{22929A36-5F09-9ED0-FD69-28A999E676DB}.Release|Any CPU.ActiveCfg = Release|Any CPU
		{22929A36-5F09-9ED0-FD69-28A999E676DB}.Release|Any CPU.Build.0 = Release|Any CPU
		{C3E55413-DF7F-ABF6-3889-C9D1DC90F97A}.Debug|Any CPU.ActiveCfg = Debug|Any CPU
		{C3E55413-DF7F-ABF6-3889-C9D1DC90F97A}.Debug|Any CPU.Build.0 = Debug|Any CPU
		{C3E55413-DF7F-ABF6-3889-C9D1DC90F97A}.Release|Any CPU.ActiveCfg = Release|Any CPU
		{C3E55413-DF7F-ABF6-3889-C9D1DC90F97A}.Release|Any CPU.Build.0 = Release|Any CPU
		{24D41106-6DB3-749C-E17C-293D243D9F5D}.Debug|Any CPU.ActiveCfg = Debug|Any CPU
		{24D41106-6DB3-749C-E17C-293D243D9F5D}.Debug|Any CPU.Build.0 = Debug|Any CPU
		{24D41106-6DB3-749C-E17C-293D243D9F5D}.Release|Any CPU.ActiveCfg = Release|Any CPU
		{24D41106-6DB3-749C-E17C-293D243D9F5D}.Release|Any CPU.Build.0 = Release|Any CPU
		{A29B4C3E-7A6E-87E2-96B0-9C4E0A30E223}.Debug|Any CPU.ActiveCfg = Debug|Any CPU
		{A29B4C3E-7A6E-87E2-96B0-9C4E0A30E223}.Debug|Any CPU.Build.0 = Debug|Any CPU
		{A29B4C3E-7A6E-87E2-96B0-9C4E0A30E223}.Release|Any CPU.ActiveCfg = Release|Any CPU
		{A29B4C3E-7A6E-87E2-96B0-9C4E0A30E223}.Release|Any CPU.Build.0 = Release|Any CPU
		{CC1B14B1-54BF-57FC-2A3D-A0B82801C642}.Debug|Any CPU.ActiveCfg = Debug|Any CPU
		{CC1B14B1-54BF-57FC-2A3D-A0B82801C642}.Debug|Any CPU.Build.0 = Debug|Any CPU
		{CC1B14B1-54BF-57FC-2A3D-A0B82801C642}.Release|Any CPU.ActiveCfg = Release|Any CPU
		{CC1B14B1-54BF-57FC-2A3D-A0B82801C642}.Release|Any CPU.Build.0 = Release|Any CPU
		{3BC6FCDA-9726-7289-1E3C-59CB0BB8D338}.Debug|Any CPU.ActiveCfg = Debug|Any CPU
		{3BC6FCDA-9726-7289-1E3C-59CB0BB8D338}.Debug|Any CPU.Build.0 = Debug|Any CPU
		{3BC6FCDA-9726-7289-1E3C-59CB0BB8D338}.Release|Any CPU.ActiveCfg = Release|Any CPU
		{3BC6FCDA-9726-7289-1E3C-59CB0BB8D338}.Release|Any CPU.Build.0 = Release|Any CPU
		{E4EF1FF0-F6CC-A36B-0DD8-079810C42A82}.Debug|Any CPU.ActiveCfg = Debug|Any CPU
		{E4EF1FF0-F6CC-A36B-0DD8-079810C42A82}.Debug|Any CPU.Build.0 = Debug|Any CPU
		{E4EF1FF0-F6CC-A36B-0DD8-079810C42A82}.Release|Any CPU.ActiveCfg = Release|Any CPU
		{E4EF1FF0-F6CC-A36B-0DD8-079810C42A82}.Release|Any CPU.Build.0 = Release|Any CPU
		{E12EDFBB-EE5B-02F9-D6E8-CE9154C77CE2}.Debug|Any CPU.ActiveCfg = Debug|Any CPU
		{E12EDFBB-EE5B-02F9-D6E8-CE9154C77CE2}.Debug|Any CPU.Build.0 = Debug|Any CPU
		{E12EDFBB-EE5B-02F9-D6E8-CE9154C77CE2}.Release|Any CPU.ActiveCfg = Release|Any CPU
		{E12EDFBB-EE5B-02F9-D6E8-CE9154C77CE2}.Release|Any CPU.Build.0 = Release|Any CPU
		{96764A72-0CAC-C4A6-E212-651E72CBFB17}.Debug|Any CPU.ActiveCfg = Debug|Any CPU
		{96764A72-0CAC-C4A6-E212-651E72CBFB17}.Debug|Any CPU.Build.0 = Debug|Any CPU
		{96764A72-0CAC-C4A6-E212-651E72CBFB17}.Release|Any CPU.ActiveCfg = Release|Any CPU
		{96764A72-0CAC-C4A6-E212-651E72CBFB17}.Release|Any CPU.Build.0 = Release|Any CPU
		{C2B246AE-F474-F611-8AB9-9DC01FF87AE3}.Debug|Any CPU.ActiveCfg = Debug|Any CPU
		{C2B246AE-F474-F611-8AB9-9DC01FF87AE3}.Debug|Any CPU.Build.0 = Debug|Any CPU
		{C2B246AE-F474-F611-8AB9-9DC01FF87AE3}.Release|Any CPU.ActiveCfg = Release|Any CPU
		{C2B246AE-F474-F611-8AB9-9DC01FF87AE3}.Release|Any CPU.Build.0 = Release|Any CPU
		{E8FA220E-139B-1C9A-4904-63BDA90BB5D6}.Debug|Any CPU.ActiveCfg = Debug|Any CPU
		{E8FA220E-139B-1C9A-4904-63BDA90BB5D6}.Debug|Any CPU.Build.0 = Debug|Any CPU
		{E8FA220E-139B-1C9A-4904-63BDA90BB5D6}.Release|Any CPU.ActiveCfg = Release|Any CPU
		{E8FA220E-139B-1C9A-4904-63BDA90BB5D6}.Release|Any CPU.Build.0 = Release|Any CPU
		{6D051312-1A32-3915-82C7-6EE433BBDD73}.Debug|Any CPU.ActiveCfg = Debug|Any CPU
		{6D051312-1A32-3915-82C7-6EE433BBDD73}.Debug|Any CPU.Build.0 = Debug|Any CPU
		{6D051312-1A32-3915-82C7-6EE433BBDD73}.Release|Any CPU.ActiveCfg = Release|Any CPU
		{6D051312-1A32-3915-82C7-6EE433BBDD73}.Release|Any CPU.Build.0 = Release|Any CPU
		{71F3CD92-1D4E-5969-A598-638B4E7CE7BD}.Debug|Any CPU.ActiveCfg = Debug|Any CPU
		{71F3CD92-1D4E-5969-A598-638B4E7CE7BD}.Debug|Any CPU.Build.0 = Debug|Any CPU
		{71F3CD92-1D4E-5969-A598-638B4E7CE7BD}.Release|Any CPU.ActiveCfg = Release|Any CPU
		{71F3CD92-1D4E-5969-A598-638B4E7CE7BD}.Release|Any CPU.Build.0 = Release|Any CPU
		{8E1A8ECD-9FC2-8459-0F54-3E28FAB80BD9}.Debug|Any CPU.ActiveCfg = Debug|Any CPU
		{8E1A8ECD-9FC2-8459-0F54-3E28FAB80BD9}.Debug|Any CPU.Build.0 = Debug|Any CPU
		{8E1A8ECD-9FC2-8459-0F54-3E28FAB80BD9}.Release|Any CPU.ActiveCfg = Release|Any CPU
		{8E1A8ECD-9FC2-8459-0F54-3E28FAB80BD9}.Release|Any CPU.Build.0 = Release|Any CPU
		{2294E922-F30C-E37A-1FAA-02B8DA0F9A40}.Debug|Any CPU.ActiveCfg = Debug|Any CPU
		{2294E922-F30C-E37A-1FAA-02B8DA0F9A40}.Debug|Any CPU.Build.0 = Debug|Any CPU
		{2294E922-F30C-E37A-1FAA-02B8DA0F9A40}.Release|Any CPU.ActiveCfg = Release|Any CPU
		{2294E922-F30C-E37A-1FAA-02B8DA0F9A40}.Release|Any CPU.Build.0 = Release|Any CPU
		{024F6EEF-704D-0205-3B47-E4FBBB240903}.Debug|Any CPU.ActiveCfg = Debug|Any CPU
		{024F6EEF-704D-0205-3B47-E4FBBB240903}.Debug|Any CPU.Build.0 = Debug|Any CPU
		{024F6EEF-704D-0205-3B47-E4FBBB240903}.Release|Any CPU.ActiveCfg = Release|Any CPU
		{024F6EEF-704D-0205-3B47-E4FBBB240903}.Release|Any CPU.Build.0 = Release|Any CPU
		{C59A49B3-792E-9FEC-2214-ABE08AB1593F}.Debug|Any CPU.ActiveCfg = Debug|Any CPU
		{C59A49B3-792E-9FEC-2214-ABE08AB1593F}.Debug|Any CPU.Build.0 = Debug|Any CPU
		{C59A49B3-792E-9FEC-2214-ABE08AB1593F}.Release|Any CPU.ActiveCfg = Release|Any CPU
		{C59A49B3-792E-9FEC-2214-ABE08AB1593F}.Release|Any CPU.Build.0 = Release|Any CPU
		{C57C00DE-36F1-6F5D-9F6E-E9C2014781E7}.Debug|Any CPU.ActiveCfg = Debug|Any CPU
		{C57C00DE-36F1-6F5D-9F6E-E9C2014781E7}.Debug|Any CPU.Build.0 = Debug|Any CPU
		{C57C00DE-36F1-6F5D-9F6E-E9C2014781E7}.Release|Any CPU.ActiveCfg = Release|Any CPU
		{C57C00DE-36F1-6F5D-9F6E-E9C2014781E7}.Release|Any CPU.Build.0 = Release|Any CPU
		{8BBFC539-E6C8-2200-A227-7213D9E33B01}.Debug|Any CPU.ActiveCfg = Debug|Any CPU
		{8BBFC539-E6C8-2200-A227-7213D9E33B01}.Debug|Any CPU.Build.0 = Debug|Any CPU
		{8BBFC539-E6C8-2200-A227-7213D9E33B01}.Release|Any CPU.ActiveCfg = Release|Any CPU
		{8BBFC539-E6C8-2200-A227-7213D9E33B01}.Release|Any CPU.Build.0 = Release|Any CPU
		{44FAB76B-9AB2-8078-F67F-9CFA055F9669}.Debug|Any CPU.ActiveCfg = Debug|Any CPU
		{44FAB76B-9AB2-8078-F67F-9CFA055F9669}.Debug|Any CPU.Build.0 = Debug|Any CPU
		{44FAB76B-9AB2-8078-F67F-9CFA055F9669}.Release|Any CPU.ActiveCfg = Release|Any CPU
		{44FAB76B-9AB2-8078-F67F-9CFA055F9669}.Release|Any CPU.Build.0 = Release|Any CPU
		{FBB6FC4E-F699-22AF-7D8F-DC8ADD4B6CBB}.Debug|Any CPU.ActiveCfg = Debug|Any CPU
		{FBB6FC4E-F699-22AF-7D8F-DC8ADD4B6CBB}.Debug|Any CPU.Build.0 = Debug|Any CPU
		{FBB6FC4E-F699-22AF-7D8F-DC8ADD4B6CBB}.Release|Any CPU.ActiveCfg = Release|Any CPU
		{FBB6FC4E-F699-22AF-7D8F-DC8ADD4B6CBB}.Release|Any CPU.Build.0 = Release|Any CPU
		{49E6530C-A802-BBA6-8496-2931AE3C6DA8}.Debug|Any CPU.ActiveCfg = Debug|Any CPU
		{49E6530C-A802-BBA6-8496-2931AE3C6DA8}.Debug|Any CPU.Build.0 = Debug|Any CPU
		{49E6530C-A802-BBA6-8496-2931AE3C6DA8}.Release|Any CPU.ActiveCfg = Release|Any CPU
		{49E6530C-A802-BBA6-8496-2931AE3C6DA8}.Release|Any CPU.Build.0 = Release|Any CPU
		{664AA3C3-C52B-F967-61E3-A8E45E59A917}.Debug|Any CPU.ActiveCfg = Debug|Any CPU
		{664AA3C3-C52B-F967-61E3-A8E45E59A917}.Debug|Any CPU.Build.0 = Debug|Any CPU
		{664AA3C3-C52B-F967-61E3-A8E45E59A917}.Release|Any CPU.ActiveCfg = Release|Any CPU
		{664AA3C3-C52B-F967-61E3-A8E45E59A917}.Release|Any CPU.Build.0 = Release|Any CPU
		{D5F0616C-1DF5-9C93-BEA5-8F656B1AAC4D}.Debug|Any CPU.ActiveCfg = Debug|Any CPU
		{D5F0616C-1DF5-9C93-BEA5-8F656B1AAC4D}.Debug|Any CPU.Build.0 = Debug|Any CPU
		{D5F0616C-1DF5-9C93-BEA5-8F656B1AAC4D}.Release|Any CPU.ActiveCfg = Release|Any CPU
		{D5F0616C-1DF5-9C93-BEA5-8F656B1AAC4D}.Release|Any CPU.Build.0 = Release|Any CPU
		{C7325FA9-96AB-5FA5-8BBF-E751635F0E29}.Debug|Any CPU.ActiveCfg = Debug|Any CPU
		{C7325FA9-96AB-5FA5-8BBF-E751635F0E29}.Debug|Any CPU.Build.0 = Debug|Any CPU
		{C7325FA9-96AB-5FA5-8BBF-E751635F0E29}.Release|Any CPU.ActiveCfg = Release|Any CPU
		{C7325FA9-96AB-5FA5-8BBF-E751635F0E29}.Release|Any CPU.Build.0 = Release|Any CPU
		{3AB718A9-46E8-114B-6F58-9335A972A3C0}.Debug|Any CPU.ActiveCfg = Debug|Any CPU
		{3AB718A9-46E8-114B-6F58-9335A972A3C0}.Debug|Any CPU.Build.0 = Debug|Any CPU
		{3AB718A9-46E8-114B-6F58-9335A972A3C0}.Release|Any CPU.ActiveCfg = Release|Any CPU
		{3AB718A9-46E8-114B-6F58-9335A972A3C0}.Release|Any CPU.Build.0 = Release|Any CPU
		{74BF2077-1339-6E41-9BED-24FCE3CA3143}.Debug|Any CPU.ActiveCfg = Debug|Any CPU
		{74BF2077-1339-6E41-9BED-24FCE3CA3143}.Debug|Any CPU.Build.0 = Debug|Any CPU
		{74BF2077-1339-6E41-9BED-24FCE3CA3143}.Release|Any CPU.ActiveCfg = Release|Any CPU
		{74BF2077-1339-6E41-9BED-24FCE3CA3143}.Release|Any CPU.Build.0 = Release|Any CPU
		{0C1C65DF-98CC-409C-E541-2F8506AF5632}.Debug|Any CPU.ActiveCfg = Debug|Any CPU
		{0C1C65DF-98CC-409C-E541-2F8506AF5632}.Debug|Any CPU.Build.0 = Debug|Any CPU
		{0C1C65DF-98CC-409C-E541-2F8506AF5632}.Release|Any CPU.ActiveCfg = Release|Any CPU
		{0C1C65DF-98CC-409C-E541-2F8506AF5632}.Release|Any CPU.Build.0 = Release|Any CPU
		{EDA0F973-03DB-0BEC-5C07-0D98E3349ED3}.Debug|Any CPU.ActiveCfg = Debug|Any CPU
		{EDA0F973-03DB-0BEC-5C07-0D98E3349ED3}.Debug|Any CPU.Build.0 = Debug|Any CPU
		{EDA0F973-03DB-0BEC-5C07-0D98E3349ED3}.Release|Any CPU.ActiveCfg = Release|Any CPU
		{EDA0F973-03DB-0BEC-5C07-0D98E3349ED3}.Release|Any CPU.Build.0 = Release|Any CPU
		{BE469204-7647-C568-EFF8-2421C453976A}.Debug|Any CPU.ActiveCfg = Debug|Any CPU
		{BE469204-7647-C568-EFF8-2421C453976A}.Debug|Any CPU.Build.0 = Debug|Any CPU
		{BE469204-7647-C568-EFF8-2421C453976A}.Release|Any CPU.ActiveCfg = Release|Any CPU
		{BE469204-7647-C568-EFF8-2421C453976A}.Release|Any CPU.Build.0 = Release|Any CPU
		{EAF940D8-4960-A84E-3058-FC9183155324}.Debug|Any CPU.ActiveCfg = Debug|Any CPU
		{EAF940D8-4960-A84E-3058-FC9183155324}.Debug|Any CPU.Build.0 = Debug|Any CPU
		{EAF940D8-4960-A84E-3058-FC9183155324}.Release|Any CPU.ActiveCfg = Release|Any CPU
		{EAF940D8-4960-A84E-3058-FC9183155324}.Release|Any CPU.Build.0 = Release|Any CPU
		{DBB9CA25-E3E0-A18F-5779-9C0948CBFB57}.Debug|Any CPU.ActiveCfg = Debug|Any CPU
		{DBB9CA25-E3E0-A18F-5779-9C0948CBFB57}.Debug|Any CPU.Build.0 = Debug|Any CPU
		{DBB9CA25-E3E0-A18F-5779-9C0948CBFB57}.Release|Any CPU.ActiveCfg = Release|Any CPU
		{DBB9CA25-E3E0-A18F-5779-9C0948CBFB57}.Release|Any CPU.Build.0 = Release|Any CPU
		{1236E683-C064-757E-D188-0001C24A4718}.Debug|Any CPU.ActiveCfg = Debug|Any CPU
		{1236E683-C064-757E-D188-0001C24A4718}.Debug|Any CPU.Build.0 = Debug|Any CPU
		{1236E683-C064-757E-D188-0001C24A4718}.Release|Any CPU.ActiveCfg = Release|Any CPU
		{1236E683-C064-757E-D188-0001C24A4718}.Release|Any CPU.Build.0 = Release|Any CPU
		{D01F39F6-0AE5-2EF4-4ED6-8D600C160E48}.Debug|Any CPU.ActiveCfg = Debug|Any CPU
		{D01F39F6-0AE5-2EF4-4ED6-8D600C160E48}.Debug|Any CPU.Build.0 = Debug|Any CPU
		{D01F39F6-0AE5-2EF4-4ED6-8D600C160E48}.Release|Any CPU.ActiveCfg = Release|Any CPU
		{D01F39F6-0AE5-2EF4-4ED6-8D600C160E48}.Release|Any CPU.Build.0 = Release|Any CPU
		{B8BE9E29-B902-9C6D-A209-671DAD963418}.Debug|Any CPU.ActiveCfg = Debug|Any CPU
		{B8BE9E29-B902-9C6D-A209-671DAD963418}.Debug|Any CPU.Build.0 = Debug|Any CPU
		{B8BE9E29-B902-9C6D-A209-671DAD963418}.Release|Any CPU.ActiveCfg = Release|Any CPU
		{B8BE9E29-B902-9C6D-A209-671DAD963418}.Release|Any CPU.Build.0 = Release|Any CPU
		{7875AB3F-279A-E9B5-02FE-564DA47C9C63}.Debug|Any CPU.ActiveCfg = Debug|Any CPU
		{7875AB3F-279A-E9B5-02FE-564DA47C9C63}.Debug|Any CPU.Build.0 = Debug|Any CPU
		{7875AB3F-279A-E9B5-02FE-564DA47C9C63}.Release|Any CPU.ActiveCfg = Release|Any CPU
		{7875AB3F-279A-E9B5-02FE-564DA47C9C63}.Release|Any CPU.Build.0 = Release|Any CPU
	EndGlobalSection
	GlobalSection(SolutionProperties) = preSolution
		HideSolutionNode = FALSE
	EndGlobalSection
EndGlobal
